
Microsoft Visual Studio Solution File, Format Version 12.00
# Visual Studio Version 17
VisualStudioVersion = 17.10.35122.118
MinimumVisualStudioVersion = 10.0.40219.1
Project("{9A19103F-16F7-4668-BE54-9A1E7A4F7556}") = "WebSterlingTea", "WebSterlingTea\WebSterlingTea.csproj", "{24DEFAF4-1DD9-4004-B7D7-447BE6A32C73}"
EndProject
Global
	GlobalSection(SolutionConfigurationPlatforms) = preSolution
		Debug|Any CPU = Debug|Any CPU
		Release|Any CPU = Release|Any CPU
	EndGlobalSection
	GlobalSection(ProjectConfigurationPlatforms) = postSolution
		{24DEFAF4-1DD9-4004-B7D7-447BE6A32C73}.Debug|Any CPU.ActiveCfg = Debug|Any CPU
		{24DEFAF4-1DD9-4004-B7D7-447BE6A32C73}.Debug|Any CPU.Build.0 = Debug|Any CPU
		{24DEFAF4-1DD9-4004-B7D7-447BE6A32C73}.Release|Any CPU.ActiveCfg = Release|Any CPU
		{24DEFAF4-1DD9-4004-B7D7-447BE6A32C73}.Release|Any CPU.Build.0 = Release|Any CPU
	EndGlobalSection
	GlobalSection(SolutionProperties) = preSolution
		HideSolutionNode = FALSE
	EndGlobalSection
	GlobalSection(ExtensibilityGlobals) = postSolution
		SolutionGuid = {19337EC5-CA36-4107-B662-FB1DE16ED3AB}
	EndGlobalSection
EndGlobal
